
Microsoft Visual Studio Solution File, Format Version 12.00
# Visual Studio Version 17
VisualStudioVersion = 17.7.34221.43
MinimumVisualStudioVersion = 10.0.40219.1
Project("{FAE04EC0-301F-11D3-BF4B-00C04F79EFBC}") = "FitnessApp.Service", "FitnessApp.Services\FitnessApp.Service.csproj", "{5ECFA087-89CA-495E-A4A9-254104C88213}"
EndProject
Project("{FAE04EC0-301F-11D3-BF4B-00C04F79EFBC}") = "FitnessApp.Infrastructure", "FitnessApp.Infrastructure\FitnessApp.Infrastructure.csproj", "{D2992984-9EA9-49B4-AF18-8579CFB2D659}"
EndProject
Project("{FAE04EC0-301F-11D3-BF4B-00C04F79EFBC}") = "FitnessApp.Dal", "FITNESSAPP.DAL\FitnessApp.Dal.csproj", "{35163AFC-8A5E-4592-8C93-0F5B0EEE4FDB}"
EndProject
Project("{FAE04EC0-301F-11D3-BF4B-00C04F79EFBC}") = "FitnessApp.Repository", "FitnessApp.Repository\FitnessApp.Repository.csproj", "{43C7ECAB-3AB1-46A6-B94F-3EA7A1AE917E}"
EndProject
Project("{FAE04EC0-301F-11D3-BF4B-00C04F79EFBC}") = "FitnessApp.Facade", "FitnessApp.Facade\FitnessApp.Facade.csproj", "{88367A15-53B3-43F5-B512-2AFB9F86F41A}"
EndProject
Global
	GlobalSection(SolutionConfigurationPlatforms) = preSolution
		Debug|Any CPU = Debug|Any CPU
		Release|Any CPU = Release|Any CPU
	EndGlobalSection
	GlobalSection(ProjectConfigurationPlatforms) = postSolution
		{5ECFA087-89CA-495E-A4A9-254104C88213}.Debug|Any CPU.ActiveCfg = Debug|Any CPU
		{5ECFA087-89CA-495E-A4A9-254104C88213}.Debug|Any CPU.Build.0 = Debug|Any CPU
		{5ECFA087-89CA-495E-A4A9-254104C88213}.Release|Any CPU.ActiveCfg = Release|Any CPU
		{5ECFA087-89CA-495E-A4A9-254104C88213}.Release|Any CPU.Build.0 = Release|Any CPU
		{D2992984-9EA9-49B4-AF18-8579CFB2D659}.Debug|Any CPU.ActiveCfg = Debug|Any CPU
		{D2992984-9EA9-49B4-AF18-8579CFB2D659}.Debug|Any CPU.Build.0 = Debug|Any CPU
		{D2992984-9EA9-49B4-AF18-8579CFB2D659}.Release|Any CPU.ActiveCfg = Release|Any CPU
		{D2992984-9EA9-49B4-AF18-8579CFB2D659}.Release|Any CPU.Build.0 = Release|Any CPU
		{35163AFC-8A5E-4592-8C93-0F5B0EEE4FDB}.Debug|Any CPU.ActiveCfg = Debug|Any CPU
		{35163AFC-8A5E-4592-8C93-0F5B0EEE4FDB}.Debug|Any CPU.Build.0 = Debug|Any CPU
		{35163AFC-8A5E-4592-8C93-0F5B0EEE4FDB}.Release|Any CPU.ActiveCfg = Release|Any CPU
		{35163AFC-8A5E-4592-8C93-0F5B0EEE4FDB}.Release|Any CPU.Build.0 = Release|Any CPU
		{43C7ECAB-3AB1-46A6-B94F-3EA7A1AE917E}.Debug|Any CPU.ActiveCfg = Debug|Any CPU
		{43C7ECAB-3AB1-46A6-B94F-3EA7A1AE917E}.Debug|Any CPU.Build.0 = Debug|Any CPU
		{43C7ECAB-3AB1-46A6-B94F-3EA7A1AE917E}.Release|Any CPU.ActiveCfg = Release|Any CPU
		{43C7ECAB-3AB1-46A6-B94F-3EA7A1AE917E}.Release|Any CPU.Build.0 = Release|Any CPU
		{88367A15-53B3-43F5-B512-2AFB9F86F41A}.Debug|Any CPU.ActiveCfg = Debug|Any CPU
		{88367A15-53B3-43F5-B512-2AFB9F86F41A}.Debug|Any CPU.Build.0 = Debug|Any CPU
		{88367A15-53B3-43F5-B512-2AFB9F86F41A}.Release|Any CPU.ActiveCfg = Release|Any CPU
		{88367A15-53B3-43F5-B512-2AFB9F86F41A}.Release|Any CPU.Build.0 = Release|Any CPU
	EndGlobalSection
	GlobalSection(SolutionProperties) = preSolution
		HideSolutionNode = FALSE
	EndGlobalSection
	GlobalSection(ExtensibilityGlobals) = postSolution
		SolutionGuid = {64462286-BC15-48A3-9F17-7BDB4E72BBEA}
	EndGlobalSection
EndGlobal
